[[dependencies]]
name = "@openzeppelin-contracts"
version = "5.5.0"
url = "https://soldeer-revisions.s3.amazonaws.com/@openzeppelin-contracts/5_5_0_01-11-2025_09:56:40_contracts.zip"
checksum = "2ee78837130cf06b456d9ef7ab70753685d9c1c9c2c5b70f24bd4c16695d0337"
integrity = "da8336cf949f0e0667ae8360af849681e3a3e76d7e61e7a86b1a3414a158aeea"

[[dependencies]]
name = "@openzeppelin-contracts-upgradeable"
version = "5.6.1"
url = "https://soldeer-revisions.s3.amazonaws.com/@openzeppelin-contracts-upgradeable/5_6_1_15-03-2026_09:19:56_contracts-upgradeable.zip"
checksum = "f6257dbc993c2499fe08fdc93f66e12459fe3458ee62ce716b92e1d95ee0b504"
integrity = "2f539b6241258fc3c127c97225b3cb1b5e9225e422d2c1cb233c52a6f5c29002"

[[dependencies]]
name = "aria"
version = "v1.1.0"
git = "git@github.com:AriaProtocol/main-contracts.git"
rev = "febcdd79c78ddc3996c394fe7909b20f7781cf2f"

[[dependencies]]
name = "forge-std"
version = "1.11.0"
url = "https://soldeer-revisions.s3.amazonaws.com/forge-std/1_11_0_09-10-2025_06:23:22_forge-std-1.11.zip"
checksum = "0290ef84c693dc9086f98f6a9b4a69dc5c2b6aa1cfe10a989bd1def1a456c099"
integrity = "84aa7d32f8c7329468cf16f31f0f74e68072e634fdbde98f3bb00c6b136103b2"

[[dependencies]]
name = "woof-software/compound-capo"
version = "lst-lrt-oracles"
git = "git@github.com:woof-software/compound-capo.git"
rev = "3020ec85ccddde176a7b379e162e6c0d50239d42"
